
Microsoft Visual Studio Solution File, Format Version 12.00
# Visual Studio Version 17
VisualStudioVersion = 17.0.32112.339
MinimumVisualStudioVersion = 10.0.40219.1
Project("{FAE04EC0-301F-11D3-BF4B-00C04F79EFBC}") = "bpe_sharp", "bpe_sharp\bpe_sharp.csproj", "{05B3CFD0-9CDC-44B4-A3DD-8838681FADA0}"
EndProject
Project("{FAE04EC0-301F-11D3-BF4B-00C04F79EFBC}") = "bpe_sharp_test", "bpe_sharp_test\bpe_sharp_test.csproj", "{39398123-42E1-4DCF-ACE0-86B202B4035E}"
EndProject
Global
	GlobalSection(SolutionConfigurationPlatforms) = preSolution
		Debug|Any CPU = Debug|Any CPU
		Release|Any CPU = Release|Any CPU
	EndGlobalSection
	GlobalSection(ProjectConfigurationPlatforms) = postSolution
		{05B3CFD0-9CDC-44B4-A3DD-8838681FADA0}.Debug|Any CPU.ActiveCfg = Debug|Any CPU
		{05B3CFD0-9CDC-44B4-A3DD-8838681FADA0}.Debug|Any CPU.Build.0 = Debug|Any CPU
		{05B3CFD0-9CDC-44B4-A3DD-8838681FADA0}.Release|Any CPU.ActiveCfg = Release|Any CPU
		{05B3CFD0-9CDC-44B4-A3DD-8838681FADA0}.Release|Any CPU.Build.0 = Release|Any CPU
		{39398123-42E1-4DCF-ACE0-86B202B4035E}.Debug|Any CPU.ActiveCfg = Debug|Any CPU
		{39398123-42E1-4DCF-ACE0-86B202B4035E}.Debug|Any CPU.Build.0 = Debug|Any CPU
		{39398123-42E1-4DCF-ACE0-86B202B4035E}.Release|Any CPU.ActiveCfg = Release|Any CPU
		{39398123-42E1-4DCF-ACE0-86B202B4035E}.Release|Any CPU.Build.0 = Release|Any CPU
	EndGlobalSection
	GlobalSection(SolutionProperties) = preSolution
		HideSolutionNode = FALSE
	EndGlobalSection
	GlobalSection(ExtensibilityGlobals) = postSolution
		SolutionGuid = {93E3D90B-089C-4F85-B4C5-D66609451A27}
	EndGlobalSection
EndGlobal
